// !$*UTF8*$!
{
	archiveVersion = 1;
	classes = {
	};
	objectVersion = 48;
	objects = {

/* Begin PBXBuildFile section */
		BD84E71D205AB12500050C55 /* AppDelegate.swift in Sources */ = {isa = PBXBuildFile; fileRef = BD84E71C205AB12500050C55 /* AppDelegate.swift */; };
		BD84E722205AB12500050C55 /* Main.storyboard in Resources */ = {isa = PBXBuildFile; fileRef = BD84E720205AB12500050C55 /* Main.storyboard */; };
		BD84E724205AB12500050C55 /* Assets.xcassets in Resources */ = {isa = PBXBuildFile; fileRef = BD84E723205AB12500050C55 /* Assets.xcassets */; };
		BD84E727205AB12500050C55 /* LaunchScreen.storyboard in Resources */ = {isa = PBXBuildFile; fileRef = BD84E725205AB12500050C55 /* LaunchScreen.storyboard */; };
		BD84E751205AC2CE00050C55 /* UITopViewController.swift in Sources */ = {isa = PBXBuildFile; fileRef = BD84E750205AC2CE00050C55 /* UITopViewController.swift */; };
		BD84E753205AD8BB00050C55 /* ItemCell.swift in Sources */ = {isa = PBXBuildFile; fileRef = BD84E752205AD8BB00050C55 /* ItemCell.swift */; };
		BD84E755205AD9D400050C55 /* Item.swift in Sources */ = {isa = PBXBuildFile; fileRef = BD84E754205AD9D400050C55 /* Item.swift */; };
		BDACD2172072A89700BAECBC /* colors.json in Resources */ = {isa = PBXBuildFile; fileRef = BDACD2162072A89700BAECBC /* colors.json */; };
		BDACD21A2072AE2800BAECBC /* tops.json in Resources */ = {isa = PBXBuildFile; fileRef = BDACD2192072AE2800BAECBC /* tops.json */; };
		BDACD21C2072AE6800BAECBC /* trousers.json in Resources */ = {isa = PBXBuildFile; fileRef = BDACD21B2072AE6800BAECBC /* trousers.json */; };
		BDACD21E2072AE9000BAECBC /* laundry.json in Resources */ = {isa = PBXBuildFile; fileRef = BDACD21D2072AE9000BAECBC /* laundry.json */; };
		BDD76AA12078C70B000CAD80 /* OldOrdViewController.swift in Sources */ = {isa = PBXBuildFile; fileRef = BDD76AA02078C70B000CAD80 /* OldOrdViewController.swift */; };
		BDE1C93F208FC9EC00A05D8B /* OrderPopViewController.swift in Sources */ = {isa = PBXBuildFile; fileRef = BDE1C93E208FC9EC00A05D8B /* OrderPopViewController.swift */; };
/* End PBXBuildFile section */

/* Begin PBXFileReference section */
		BD84E719205AB12500050C55 /* Tabbed Library.app */ = {isa = PBXFileReference; explicitFileType = wrapper.application; includeInIndex = 0; path = "Tabbed Library.app"; sourceTree = BUILT_PRODUCTS_DIR; };
		BD84E71C205AB12500050C55 /* AppDelegate.swift */ = {isa = PBXFileReference; lastKnownFileType = sourcecode.swift; path = AppDelegate.swift; sourceTree = "<group>"; };
		BD84E721205AB12500050C55 /* Base */ = {isa = PBXFileReference; lastKnownFileType = file.storyboard; name = Base; path = Base.lproj/Main.storyboard; sourceTree = "<group>"; };
		BD84E723205AB12500050C55 /* Assets.xcassets */ = {isa = PBXFileReference; lastKnownFileType = folder.assetcatalog; path = Assets.xcassets; sourceTree = "<group>"; };
		BD84E726205AB12500050C55 /* Base */ = {isa = PBXFileReference; lastKnownFileType = file.storyboard; name = Base; path = Base.lproj/LaunchScreen.storyboard; sourceTree = "<group>"; };
		BD84E728205AB12500050C55 /* Info.plist */ = {isa = PBXFileReference; lastKnownFileType = text.plist.xml; path = Info.plist; sourceTree = "<group>"; };
		BD84E750205AC2CE00050C55 /* UITopViewController.swift */ = {isa = PBXFileReference; lastKnownFileType = sourcecode.swift; path = UITopViewController.swift; sourceTree = "<group>"; };
		BD84E752205AD8BB00050C55 /* ItemCell.swift */ = {isa = PBXFileReference; lastKnownFileType = sourcecode.swift; path = ItemCell.swift; sourceTree = "<group>"; };
		BD84E754205AD9D400050C55 /* Item.swift */ = {isa = PBXFileReference; lastKnownFileType = sourcecode.swift; path = Item.swift; sourceTree = "<group>"; };
		BDACD2162072A89700BAECBC /* colors.json */ = {isa = PBXFileReference; lastKnownFileType = text.json; path = colors.json; sourceTree = "<group>"; };
		BDACD2192072AE2800BAECBC /* tops.json */ = {isa = PBXFileReference; lastKnownFileType = text.json; path = tops.json; sourceTree = "<group>"; };
		BDACD21B2072AE6800BAECBC /* trousers.json */ = {isa = PBXFileReference; lastKnownFileType = text.json; path = trousers.json; sourceTree = "<group>"; };
		BDACD21D2072AE9000BAECBC /* laundry.json */ = {isa = PBXFileReference; lastKnownFileType = text.json; path = laundry.json; sourceTree = "<group>"; };
		BDD76AA02078C70B000CAD80 /* OldOrdViewController.swift */ = {isa = PBXFileReference; lastKnownFileType = sourcecode.swift; path = OldOrdViewController.swift; sourceTree = "<group>"; };
		BDE1C93E208FC9EC00A05D8B /* OrderPopViewController.swift */ = {isa = PBXFileReference; lastKnownFileType = sourcecode.swift; path = OrderPopViewController.swift; sourceTree = "<group>"; };
/* End PBXFileReference section */

/* Begin PBXFrameworksBuildPhase section */
		BD84E716205AB12500050C55 /* Frameworks */ = {
			isa = PBXFrameworksBuildPhase;
			buildActionMask = 2147483647;
			files = (
			);
			runOnlyForDeploymentPostprocessing = 0;
		};
/* End PBXFrameworksBuildPhase section */

/* Begin PBXGroup section */
		BD84E710205AB12500050C55 = {
			isa = PBXGroup;
			children = (
				BD84E71B205AB12500050C55 /* Tabbed Library */,
				BD84E71A205AB12500050C55 /* Products */,
			);
			sourceTree = "<group>";
		};
		BD84E71A205AB12500050C55 /* Products */ = {
			isa = PBXGroup;
			children = (
				BD84E719205AB12500050C55 /* Tabbed Library.app */,
			);
			name = Products;
			sourceTree = "<group>";
		};
		BD84E71B205AB12500050C55 /* Tabbed Library */ = {
			isa = PBXGroup;
			children = (
				BDACD21520729DFA00BAECBC /* DataFiles */,
				BD84E71C205AB12500050C55 /* AppDelegate.swift */,
				BD84E750205AC2CE00050C55 /* UITopViewController.swift */,
				BDE1C93E208FC9EC00A05D8B /* OrderPopViewController.swift */,
				BD84E752205AD8BB00050C55 /* ItemCell.swift */,
				BD84E754205AD9D400050C55 /* Item.swift */,
				BD84E720205AB12500050C55 /* Main.storyboard */,
				BD84E723205AB12500050C55 /* Assets.xcassets */,
				BD84E725205AB12500050C55 /* LaunchScreen.storyboard */,
				BD84E728205AB12500050C55 /* Info.plist */,
				BDD76AA02078C70B000CAD80 /* OldOrdViewController.swift */,
			);
			path = "Tabbed Library";
			sourceTree = "<group>";
		};
		BDACD21520729DFA00BAECBC /* DataFiles */ = {
			isa = PBXGroup;
			children = (
				BDACD2162072A89700BAECBC /* colors.json */,
				BDACD2192072AE2800BAECBC /* tops.json */,
				BDACD21B2072AE6800BAECBC /* trousers.json */,
				BDACD21D2072AE9000BAECBC /* laundry.json */,
			);
			path = DataFiles;
			sourceTree = "<group>";
		};
/* End PBXGroup section */

/* Begin PBXNativeTarget section */
		BD84E718205AB12500050C55 /* Tabbed Library */ = {
			isa = PBXNativeTarget;
			buildConfigurationList = BD84E72B205AB12500050C55 /* Build configuration list for PBXNativeTarget "Tabbed Library" */;
			buildPhases = (
				BD84E715205AB12500050C55 /* Sources */,
				BD84E716205AB12500050C55 /* Frameworks */,
				BD84E717205AB12500050C55 /* Resources */,
			);
			buildRules = (
			);
			dependencies = (
			);
			name = "Tabbed Library";
			productName = "Tabbed Library";
			productReference = BD84E719205AB12500050C55 /* Tabbed Library.app */;
			productType = "com.apple.product-type.application";
		};
/* End PBXNativeTarget section */

/* Begin PBXProject section */
		BD84E711205AB12500050C55 /* Project object */ = {
			isa = PBXProject;
			attributes = {
				LastSwiftUpdateCheck = 0920;
				LastUpgradeCheck = 0920;
				ORGANIZATIONNAME = "Isa Usmanov";
				TargetAttributes = {
					BD84E718205AB12500050C55 = {
						CreatedOnToolsVersion = 9.2;
						ProvisioningStyle = Automatic;
					};
				};
			};
			buildConfigurationList = BD84E714205AB12500050C55 /* Build configuration list for PBXProject "Tabbed Library" */;
			compatibilityVersion = "Xcode 8.0";
			developmentRegion = en;
			hasScannedForEncodings = 0;
			knownRegions = (
				en,
				Base,
			);
			mainGroup = BD84E710205AB12500050C55;
			productRefGroup = BD84E71A205AB12500050C55 /* Products */;
			projectDirPath = "";
			projectRoot = "";
			targets = (
				BD84E718205AB12500050C55 /* Tabbed Library */,
			);
		};
/* End PBXProject section */

/* Begin PBXResourcesBuildPhase section */
		BD84E717205AB12500050C55 /* Resources */ = {
			isa = PBXResourcesBuildPhase;
			buildActionMask = 2147483647;
			files = (
				BD84E727205AB12500050C55 /* LaunchScreen.storyboard in Resources */,
				BDACD2172072A89700BAECBC /* colors.json in Resources */,
				BDACD21E2072AE9000BAECBC /* laundry.json in Resources */,
				BDACD21C2072AE6800BAECBC /* trousers.json in Resources */,
				BD84E724205AB12500050C55 /* Assets.xcassets in Resources */,
				BD84E722205AB12500050C55 /* Main.storyboard in Resources */,
				BDACD21A2072AE2800BAECBC /* tops.json in Resources */,
			);
			runOnlyForDeploymentPostprocessing = 0;
		};
/* End PBXResourcesBuildPhase section */

/* Begin PBXSourcesBuildPhase section */
		BD84E715205AB12500050C55 /* Sources */ = {
			isa = PBXSourcesBuildPhase;
			buildActionMask = 2147483647;
			files = (
				BD84E751205AC2CE00050C55 /* UITopViewController.swift in Sources */,
				BDD76AA12078C70B000CAD80 /* OldOrdViewController.swift in Sources */,
				BDE1C93F208FC9EC00A05D8B /* OrderPopViewController.swift in Sources */,
				BD84E753205AD8BB00050C55 /* ItemCell.swift in Sources */,
				BD84E71D205AB12500050C55 /* AppDelegate.swift in Sources */,
				BD84E755205AD9D400050C55 /* Item.swift in Sources */,
			);
			runOnlyForDeploymentPostprocessing = 0;
		};
/* End PBXSourcesBuildPhase section */

/* Begin PBXVariantGroup section */
		BD84E720205AB12500050C55 /* Main.storyboard */ = {
			isa = PBXVariantGroup;
			children = (
				BD84E721205AB12500050C55 /* Base */,
			);
			name = Main.storyboard;
			sourceTree = "<group>";
		};
		BD84E725205AB12500050C55 /* LaunchScreen.storyboard */ = {
			isa = PBXVariantGroup;
			children = (
				BD84E726205AB12500050C55 /* Base */,
			);
			name = LaunchScreen.storyboard;
			sourceTree = "<group>";
		};
/* End PBXVariantGroup section */

/* Begin XCBuildConfiguration section */
		BD84E729205AB12500050C55 /* Debug */ = {
			isa = XCBuildConfiguration;
			buildSettings = {
				ALWAYS_SEARCH_USER_PATHS = NO;
				CLANG_ANALYZER_NONNULL = YES;
				CLANG_ANALYZER_NUMBER_OBJECT_CONVERSION = YES_AGGRESSIVE;
				CLANG_CXX_LANGUAGE_STANDARD = "gnu++14";
				CLANG_CXX_LIBRARY = "libc++";
				CLANG_ENABLE_MODULES = YES;
				CLANG_ENABLE_OBJC_ARC = YES;
				CLANG_WARN_BLOCK_CAPTURE_AUTORELEASING = YES;
				CLANG_WARN_BOOL_CONVERSION = YES;
				CLANG_WARN_COMMA = YES;
				CLANG_WARN_CONSTANT_CONVERSION = YES;
				CLANG_WARN_DIRECT_OBJC_ISA_USAGE = YES_ERROR;
				CLANG_WARN_DOCUMENTATION_COMMENTS = YES;
				CLANG_WARN_EMPTY_BODY = YES;
				CLANG_WARN_ENUM_CONVERSION = YES;
				CLANG_WARN_INFINITE_RECURSION = YES;
				CLANG_WARN_INT_CONVERSION = YES;
				CLANG_WARN_NON_LITERAL_NULL_CONVERSION = YES;
				CLANG_WARN_OBJC_LITERAL_CONVERSION = YES;
				CLANG_WARN_OBJC_ROOT_CLASS = YES_ERROR;
				CLANG_WARN_RANGE_LOOP_ANALYSIS = YES;
				CLANG_WARN_STRICT_PROTOTYPES = YES;
				CLANG_WARN_SUSPICIOUS_MOVE = YES;
				CLANG_WARN_UNGUARDED_AVAILABILITY = YES_AGGRESSIVE;
				CLANG_WARN_UNREACHABLE_CODE = YES;
				CLANG_WARN__DUPLICATE_METHOD_MATCH = YES;
				CODE_SIGN_IDENTITY = "iPhone Developer";
				COPY_PHASE_STRIP = NO;
				DEBUG_INFORMATION_FORMAT = dwarf;
				ENABLE_STRICT_OBJC_MSGSEND = YES;
				ENABLE_TESTABILITY = YES;
				GCC_C_LANGUAGE_STANDARD = gnu11;
				GCC_DYNAMIC_NO_PIC = NO;
				GCC_NO_COMMON_BLOCKS = YES;
				GCC_OPTIMIZATION_LEVEL = 0;
				GCC_PREPROCESSOR_DEFINITIONS = (
					"DEBUG=1",
					"$(inherited)",
				);
				GCC_WARN_64_TO_32_BIT_CONVERSION = YES;
				GCC_WARN_ABOUT_RETURN_TYPE = YES_ERROR;
				GCC_WARN_UNDECLARED_SELECTOR = YES;
				GCC_WARN_UNINITIALIZED_AUTOS = YES_AGGRESSIVE;
				GCC_WARN_UNUSED_FUNCTION = YES;
				GCC_WARN_UNUSED_VARIABLE = YES;
				IPHONEOS_DEPLOYMENT_TARGET = 11.2;
				MTL_ENABLE_DEBUG_INFO = YES;
				ONLY_ACTIVE_ARCH = YES;
				SDKROOT = iphoneos;
				SWIFT_ACTIVE_COMPILATION_CONDITIONS = DEBUG;
				SWIFT_OPTIMIZATION_LEVEL = "-Onone";
			};
			name = Debug;
		};
		BD84E72A205AB12500050C55 /* Release */ = {
			isa = XCBuildConfiguration;
			buildSettings = {
				ALWAYS_SEARCH_USER_PATHS = NO;
				CLANG_ANALYZER_NONNULL = YES;
				CLANG_ANALYZER_NUMBER_OBJECT_CONVERSION = YES_AGGRESSIVE;
				CLANG_CXX_LANGUAGE_STANDARD = "gnu++14";
				CLANG_CXX_LIBRARY = "libc++";
				CLANG_ENABLE_MODULES = YES;
				CLANG_ENABLE_OBJC_ARC = YES;
				CLANG_WARN_BLOCK_CAPTURE_AUTORELEASING = YES;
				CLANG_WARN_BOOL_CONVERSION = YES;
				CLANG_WARN_COMMA = YES;
				CLANG_WARN_CONSTANT_CONVERSION = YES;
				CLANG_WARN_DIRECT_OBJC_ISA_USAGE = YES_ERROR;
				CLANG_WARN_DOCUMENTATION_COMMENTS = YES;
				CLANG_WARN_EMPTY_BODY = YES;
				CLANG_WARN_ENUM_CONVERSION = YES;
				CLANG_WARN_INFINITE_RECURSION = YES;
				CLANG_WARN_INT_CONVERSION = YES;
				CLANG_WARN_NON_LITERAL_NULL_CONVERSION = YES;
				CLANG_WARN_OBJC_LITERAL_CONVERSION = YES;
				CLANG_WARN_OBJC_ROOT_CLASS = YES_ERROR;
				CLANG_WARN_RANGE_LOOP_ANALYSIS = YES;
				CLANG_WARN_STRICT_PROTOTYPES = YES;
				CLANG_WARN_SUSPICIOUS_MOVE = YES;
				CLANG_WARN_UNGUARDED_AVAILABILITY = YES_AGGRESSIVE;
				CLANG_WARN_UNREACHABLE_CODE = YES;
				CLANG_WARN__DUPLICATE_METHOD_MATCH = YES;
				CODE_SIGN_IDENTITY = "iPhone Developer";
				COPY_PHASE_STRIP = NO;
				DEBUG_INFORMATION_FORMAT = "dwarf-with-dsym";
				ENABLE_NS_ASSERTIONS = NO;
				ENABLE_STRICT_OBJC_MSGSEND = YES;
				GCC_C_LANGUAGE_STANDARD = gnu11;
				GCC_NO_COMMON_BLOCKS = YES;
				GCC_WARN_64_TO_32_BIT_CONVERSION = YES;
				GCC_WARN_ABOUT_RETURN_TYPE = YES_ERROR;
				GCC_WARN_UNDECLARED_SELECTOR = YES;
				GCC_WARN_UNINITIALIZED_AUTOS = YES_AGGRESSIVE;
				GCC_WARN_UNUSED_FUNCTION = YES;
				GCC_WARN_UNUSED_VARIABLE = YES;
				IPHONEOS_DEPLOYMENT_TARGET = 11.2;
				MTL_ENABLE_DEBUG_INFO = NO;
				SDKROOT = iphoneos;
				SWIFT_OPTIMIZATION_LEVEL = "-Owholemodule";
				VALIDATE_PRODUCT = YES;
			};
			name = Release;
		};
		BD84E72C205AB12500050C55 /* Debug */ = {
			isa = XCBuildConfiguration;
			buildSettings = {
				ASSETCATALOG_COMPILER_APPICON_NAME = AppIcon;
				CODE_SIGN_STYLE = Automatic;
				DEVELOPMENT_TEAM = NR3J9N3VH8;
				INFOPLIST_FILE = "Tabbed Library/Info.plist";
				LD_RUNPATH_SEARCH_PATHS = "$(inherited) @executable_path/Frameworks";
				PRODUCT_BUNDLE_IDENTIFIER = "home.Tabbed-Library";
				PRODUCT_NAME = "$(TARGET_NAME)";
				SWIFT_VERSION = 4.0;
				TARGETED_DEVICE_FAMILY = "1,2";
			};
			name = Debug;
		};
		BD84E72D205AB12500050C55 /* Release */ = {
			isa = XCBuildConfiguration;
			buildSettings = {
				ASSETCATALOG_COMPILER_APPICON_NAME = AppIcon;
				CODE_SIGN_STYLE = Automatic;
				DEVELOPMENT_TEAM = NR3J9N3VH8;
				INFOPLIST_FILE = "Tabbed Library/Info.plist";
				LD_RUNPATH_SEARCH_PATHS = "$(inherited) @executable_path/Frameworks";
				PRODUCT_BUNDLE_IDENTIFIER = "home.Tabbed-Library";
				PRODUCT_NAME = "$(TARGET_NAME)";
				SWIFT_VERSION = 4.0;
				TARGETED_DEVICE_FAMILY = "1,2";
			};
			name = Release;
		};
/* End XCBuildConfiguration section */

/* Begin XCConfigurationList section */
		BD84E714205AB12500050C55 /* Build configuration list for PBXProject "Tabbed Library" */ = {
			isa = XCConfigurationList;
			buildConfigurations = (
				BD84E729205AB12500050C55 /* Debug */,
				BD84E72A205AB12500050C55 /* Release */,
			);
			defaultConfigurationIsVisible = 0;
			defaultConfigurationName = Release;
		};
		BD84E72B205AB12500050C55 /* Build configuration list for PBXNativeTarget "Tabbed Library" */ = {
			isa = XCConfigurationList;
			buildConfigurations = (
				BD84E72C205AB12500050C55 /* Debug */,
				BD84E72D205AB12500050C55 /* Release */,
			);
			defaultConfigurationIsVisible = 0;
			defaultConfigurationName = Release;
		};
/* End XCConfigurationList section */
	};
	rootObject = BD84E711205AB12500050C55 /* Project object */;
}
